
Microsoft Visual Studio Solution File, Format Version 12.00
# Visual Studio Version 16
VisualStudioVersion = 16.0.30406.217
MinimumVisualStudioVersion = 10.0.40219.1
Project("{FAE04EC0-301F-11D3-BF4B-00C04F79EFBC}") = "TestTask", "TestTask.csproj", "{26A7680D-6C38-49AB-ADD5-BE7B93E96F02}"
EndProject
Global
	GlobalSection(SolutionConfigurationPlatforms) = preSolution
		Debug|Any CPU = Debug|Any CPU
		Release|Any CPU = Release|Any CPU
	EndGlobalSection
	GlobalSection(ProjectConfigurationPlatforms) = postSolution
		{26A7680D-6C38-49AB-ADD5-BE7B93E96F02}.Debug|Any CPU.ActiveCfg = Debug|Any CPU
		{26A7680D-6C38-49AB-ADD5-BE7B93E96F02}.Debug|Any CPU.Build.0 = Debug|Any CPU
		{26A7680D-6C38-49AB-ADD5-BE7B93E96F02}.Release|Any CPU.ActiveCfg = Release|Any CPU
		{26A7680D-6C38-49AB-ADD5-BE7B93E96F02}.Release|Any CPU.Build.0 = Release|Any CPU
	EndGlobalSection
	GlobalSection(SolutionProperties) = preSolution
		HideSolutionNode = FALSE
	EndGlobalSection
	GlobalSection(ExtensibilityGlobals) = postSolution
		SolutionGuid = {56D4286A-9E6B-4B4B-AB11-C133437395D1}
	EndGlobalSection
EndGlobal
